
Microsoft Visual Studio Solution File, Format Version 12.00
# Visual Studio Version 17
VisualStudioVersion = 17.5.33516.290
MinimumVisualStudioVersion = 10.0.40219.1
Project("{FAE04EC0-301F-11D3-BF4B-00C04F79EFBC}") = "Proje1", "Proje1\Proje1.csproj", "{04F131B1-650B-4D0C-B2E9-8D0654FA69CA}"
EndProject
Global
	GlobalSection(SolutionConfigurationPlatforms) = preSolution
		Debug|Any CPU = Debug|Any CPU
		Release|Any CPU = Release|Any CPU
	EndGlobalSection
	GlobalSection(ProjectConfigurationPlatforms) = postSolution
		{04F131B1-650B-4D0C-B2E9-8D0654FA69CA}.Debug|Any CPU.ActiveCfg = Debug|Any CPU
		{04F131B1-650B-4D0C-B2E9-8D0654FA69CA}.Debug|Any CPU.Build.0 = Debug|Any CPU
		{04F131B1-650B-4D0C-B2E9-8D0654FA69CA}.Release|Any CPU.ActiveCfg = Release|Any CPU
		{04F131B1-650B-4D0C-B2E9-8D0654FA69CA}.Release|Any CPU.Build.0 = Release|Any CPU
	EndGlobalSection
	GlobalSection(SolutionProperties) = preSolution
		HideSolutionNode = FALSE
	EndGlobalSection
	GlobalSection(ExtensibilityGlobals) = postSolution
		SolutionGuid = {BD56134B-8153-4073-A651-384042A6CB4D}
	EndGlobalSection
EndGlobal
